github.com/emicklei/dot v0.11.0 h1:Ase39UD9T9fRBOb5ptgpixrxfx8abVzNWZi2+lr53PI=
github.com/emicklei/dot v0.11.0/go.mod h1:DeV7GvQtIw4h2u73RKBkkFdvVAz0D9fzeJrgPW6gy/s=
github.com/mdouchement/dot v0.11.1-0.20200705112731-569cd9f4c0c7 h1:723RAsQRH7JoF5vtn/nB5DzeF/H66Prblj9x32b/kTg=
github.com/mdouchement/dot v0.11.1-0.20200705112731-569cd9f4c0c7/go.mod h1:DeV7GvQtIw4h2u73RKBkkFdvVAz0D9fzeJrgPW6gy/s=
gopkg.in/check.v1 v0.0.0-20161208181325-20d25e280405/go.mod h1:Co6ibVJAznAaIkqp8huTwlJQCZ016jof/cbN4VW5Yz0=
gopkg.in/yaml.v2 v2.3.0 h1:clyUAQHOM3G0M3f5vQj7LuJrETvjVot3Z5el9nffUtU=
gopkg.in/yaml.v2 v2.3.0/go.mod h1:hI93XBmqTisBFMUTm0b8Fm+jr3Dg1NNxqwp+5A1VGuI=
